// !$*UTF8*$!
{
	archiveVersion = 1;
	classes = {
	};
	objectVersion = 50;
	objects = {

/* Begin PBXBuildFile section */
		40C0883D685B5DB198D6D7B9 /* Pods_p11_textfieldTests.framework in Frameworks */ = {isa = PBXBuildFile; fileRef = D51625A442A88D729717BAA8 /* Pods_p11_textfieldTests.framework */; };
		771CAFCA224CC741000C7132 /* AppDelegate.swift in Sources */ = {isa = PBXBuildFile; fileRef = 771CAFC9224CC741000C7132 /* AppDelegate.swift */; };
		771CAFCC224CC741000C7132 /* ViewController.swift in Sources */ = {isa = PBXBuildFile; fileRef = 771CAFCB224CC741000C7132 /* ViewController.swift */; };
		771CAFCF224CC741000C7132 /* Main.storyboard in Resources */ = {isa = PBXBuildFile; fileRef = 771CAFCD224CC741000C7132 /* Main.storyboard */; };
		771CAFD1224CC742000C7132 /* Assets.xcassets in Resources */ = {isa = PBXBuildFile; fileRef = 771CAFD0224CC742000C7132 /* Assets.xcassets */; };
		771CAFD4224CC742000C7132 /* LaunchScreen.storyboard in Resources */ = {isa = PBXBuildFile; fileRef = 771CAFD2224CC742000C7132 /* LaunchScreen.storyboard */; };
		771CAFDF224CC742000C7132 /* p11_textfieldTests.swift in Sources */ = {isa = PBXBuildFile; fileRef = 771CAFDE224CC742000C7132 /* p11_textfieldTests.swift */; };
		771CAFEA224CC742000C7132 /* p11_textfieldUITests.swift in Sources */ = {isa = PBXBuildFile; fileRef = 771CAFE9224CC742000C7132 /* p11_textfieldUITests.swift */; };
		771CAFFA224CDD4B000C7132 /* TextFieldView.swift in Sources */ = {isa = PBXBuildFile; fileRef = 771CAFF9224CDD4B000C7132 /* TextFieldView.swift */; };
		77233FB92253373D004CC526 /* TextFieldViewProperties.swift in Sources */ = {isa = PBXBuildFile; fileRef = 77233FB82253373D004CC526 /* TextFieldViewProperties.swift */; };
		77233FBB225339B6004CC526 /* FieldState.swift in Sources */ = {isa = PBXBuildFile; fileRef = 77233FBA225339B6004CC526 /* FieldState.swift */; };
		A9ABDC3C8311612920CFB934 /* Pods_p11_textfield.framework in Frameworks */ = {isa = PBXBuildFile; fileRef = 8A493091DEADCA46FB238787 /* Pods_p11_textfield.framework */; };
/* End PBXBuildFile section */

/* Begin PBXContainerItemProxy section */
		771CAFDB224CC742000C7132 /* PBXContainerItemProxy */ = {
			isa = PBXContainerItemProxy;
			containerPortal = 771CAFBE224CC741000C7132 /* Project object */;
			proxyType = 1;
			remoteGlobalIDString = 771CAFC5224CC741000C7132;
			remoteInfo = "p11-textfield";
		};
		771CAFE6224CC742000C7132 /* PBXContainerItemProxy */ = {
			isa = PBXContainerItemProxy;
			containerPortal = 771CAFBE224CC741000C7132 /* Project object */;
			proxyType = 1;
			remoteGlobalIDString = 771CAFC5224CC741000C7132;
			remoteInfo = "p11-textfield";
		};
/* End PBXContainerItemProxy section */

/* Begin PBXFileReference section */
		4EC3F666AB6DF41C29442B8D /* Pods-p11-textfieldTests.release.xcconfig */ = {isa = PBXFileReference; includeInIndex = 1; lastKnownFileType = text.xcconfig; name = "Pods-p11-textfieldTests.release.xcconfig"; path = "Target Support Files/Pods-p11-textfieldTests/Pods-p11-textfieldTests.release.xcconfig"; sourceTree = "<group>"; };
		76C431B5A3FC1449C1C284DC /* Pods-p11-textfieldTests.debug.xcconfig */ = {isa = PBXFileReference; includeInIndex = 1; lastKnownFileType = text.xcconfig; name = "Pods-p11-textfieldTests.debug.xcconfig"; path = "Target Support Files/Pods-p11-textfieldTests/Pods-p11-textfieldTests.debug.xcconfig"; sourceTree = "<group>"; };
		771CAFC6224CC741000C7132 /* p11-textfield.app */ = {isa = PBXFileReference; explicitFileType = wrapper.application; includeInIndex = 0; path = "p11-textfield.app"; sourceTree = BUILT_PRODUCTS_DIR; };
		771CAFC9224CC741000C7132 /* AppDelegate.swift */ = {isa = PBXFileReference; lastKnownFileType = sourcecode.swift; path = AppDelegate.swift; sourceTree = "<group>"; };
		771CAFCB224CC741000C7132 /* ViewController.swift */ = {isa = PBXFileReference; lastKnownFileType = sourcecode.swift; path = ViewController.swift; sourceTree = "<group>"; };
		771CAFCE224CC741000C7132 /* Base */ = {isa = PBXFileReference; lastKnownFileType = file.storyboard; name = Base; path = Base.lproj/Main.storyboard; sourceTree = "<group>"; };
		771CAFD0224CC742000C7132 /* Assets.xcassets */ = {isa = PBXFileReference; lastKnownFileType = folder.assetcatalog; path = Assets.xcassets; sourceTree = "<group>"; };
		771CAFD3224CC742000C7132 /* Base */ = {isa = PBXFileReference; lastKnownFileType = file.storyboard; name = Base; path = Base.lproj/LaunchScreen.storyboard; sourceTree = "<group>"; };
		771CAFD5224CC742000C7132 /* Info.plist */ = {isa = PBXFileReference; lastKnownFileType = text.plist.xml; path = Info.plist; sourceTree = "<group>"; };
		771CAFDA224CC742000C7132 /* p11-textfieldTests.xctest */ = {isa = PBXFileReference; explicitFileType = wrapper.cfbundle; includeInIndex = 0; path = "p11-textfieldTests.xctest"; sourceTree = BUILT_PRODUCTS_DIR; };
		771CAFDE224CC742000C7132 /* p11_textfieldTests.swift */ = {isa = PBXFileReference; lastKnownFileType = sourcecode.swift; path = p11_textfieldTests.swift; sourceTree = "<group>"; };
		771CAFE0224CC742000C7132 /* Info.plist */ = {isa = PBXFileReference; lastKnownFileType = text.plist.xml; path = Info.plist; sourceTree = "<group>"; };
		771CAFE5224CC742000C7132 /* p11-textfieldUITests.xctest */ = {isa = PBXFileReference; explicitFileType = wrapper.cfbundle; includeInIndex = 0; path = "p11-textfieldUITests.xctest"; sourceTree = BUILT_PRODUCTS_DIR; };
		771CAFE9224CC742000C7132 /* p11_textfieldUITests.swift */ = {isa = PBXFileReference; lastKnownFileType = sourcecode.swift; path = p11_textfieldUITests.swift; sourceTree = "<group>"; };
		771CAFEB224CC742000C7132 /* Info.plist */ = {isa = PBXFileReference; lastKnownFileType = text.plist.xml; path = Info.plist; sourceTree = "<group>"; };
		771CAFF9224CDD4B000C7132 /* TextFieldView.swift */ = {isa = PBXFileReference; lastKnownFileType = sourcecode.swift; path = TextFieldView.swift; sourceTree = "<group>"; };
		77233FB82253373D004CC526 /* TextFieldViewProperties.swift */ = {isa = PBXFileReference; lastKnownFileType = sourcecode.swift; path = TextFieldViewProperties.swift; sourceTree = "<group>"; };
		77233FBA225339B6004CC526 /* FieldState.swift */ = {isa = PBXFileReference; lastKnownFileType = sourcecode.swift; path = FieldState.swift; sourceTree = "<group>"; };
		8A493091DEADCA46FB238787 /* Pods_p11_textfield.framework */ = {isa = PBXFileReference; explicitFileType = wrapper.framework; includeInIndex = 0; path = Pods_p11_textfield.framework; sourceTree = BUILT_PRODUCTS_DIR; };
		CAB7D140BF7ED89CDD91A0E4 /* Pods-p11-textfield.release.xcconfig */ = {isa = PBXFileReference; includeInIndex = 1; lastKnownFileType = text.xcconfig; name = "Pods-p11-textfield.release.xcconfig"; path = "Target Support Files/Pods-p11-textfield/Pods-p11-textfield.release.xcconfig"; sourceTree = "<group>"; };
		D51625A442A88D729717BAA8 /* Pods_p11_textfieldTests.framework */ = {isa = PBXFileReference; explicitFileType = wrapper.framework; includeInIndex = 0; path = Pods_p11_textfieldTests.framework; sourceTree = BUILT_PRODUCTS_DIR; };
		EBF23884CEC41580B5D9C4E4 /* Pods-p11-textfield.debug.xcconfig */ = {isa = PBXFileReference; includeInIndex = 1; lastKnownFileType = text.xcconfig; name = "Pods-p11-textfield.debug.xcconfig"; path = "Target Support Files/Pods-p11-textfield/Pods-p11-textfield.debug.xcconfig"; sourceTree = "<group>"; };
/* End PBXFileReference section */

/* Begin PBXFrameworksBuildPhase section */
		771CAFC3224CC741000C7132 /* Frameworks */ = {
			isa = PBXFrameworksBuildPhase;
			buildActionMask = 2147483647;
			files = (
				A9ABDC3C8311612920CFB934 /* Pods_p11_textfield.framework in Frameworks */,
			);
			runOnlyForDeploymentPostprocessing = 0;
		};
		771CAFD7224CC742000C7132 /* Frameworks */ = {
			isa = PBXFrameworksBuildPhase;
			buildActionMask = 2147483647;
			files = (
				40C0883D685B5DB198D6D7B9 /* Pods_p11_textfieldTests.framework in Frameworks */,
			);
			runOnlyForDeploymentPostprocessing = 0;
		};
		771CAFE2224CC742000C7132 /* Frameworks */ = {
			isa = PBXFrameworksBuildPhase;
			buildActionMask = 2147483647;
			files = (
			);
			runOnlyForDeploymentPostprocessing = 0;
		};
/* End PBXFrameworksBuildPhase section */

/* Begin PBXGroup section */
		771CAFBD224CC741000C7132 = {
			isa = PBXGroup;
			children = (
				771CAFC8224CC741000C7132 /* p11-textfield */,
				771CAFDD224CC742000C7132 /* p11-textfieldTests */,
				771CAFE8224CC742000C7132 /* p11-textfieldUITests */,
				771CAFC7224CC741000C7132 /* Products */,
				C96A372458BDC509822C767D /* Pods */,
				E0EAD3B9C4044ADD15AE3645 /* Frameworks */,
			);
			sourceTree = "<group>";
		};
		771CAFC7224CC741000C7132 /* Products */ = {
			isa = PBXGroup;
			children = (
				771CAFC6224CC741000C7132 /* p11-textfield.app */,
				771CAFDA224CC742000C7132 /* p11-textfieldTests.xctest */,
				771CAFE5224CC742000C7132 /* p11-textfieldUITests.xctest */,
			);
			name = Products;
			sourceTree = "<group>";
		};
		771CAFC8224CC741000C7132 /* p11-textfield */ = {
			isa = PBXGroup;
			children = (
				771CAFF8224CDD2C000C7132 /* Text Field */,
				771CAFC9224CC741000C7132 /* AppDelegate.swift */,
				771CAFCB224CC741000C7132 /* ViewController.swift */,
				771CAFCD224CC741000C7132 /* Main.storyboard */,
				771CAFD0224CC742000C7132 /* Assets.xcassets */,
				771CAFD2224CC742000C7132 /* LaunchScreen.storyboard */,
				771CAFD5224CC742000C7132 /* Info.plist */,
			);
			path = "p11-textfield";
			sourceTree = "<group>";
		};
		771CAFDD224CC742000C7132 /* p11-textfieldTests */ = {
			isa = PBXGroup;
			children = (
				771CAFDE224CC742000C7132 /* p11_textfieldTests.swift */,
				771CAFE0224CC742000C7132 /* Info.plist */,
			);
			path = "p11-textfieldTests";
			sourceTree = "<group>";
		};
		771CAFE8224CC742000C7132 /* p11-textfieldUITests */ = {
			isa = PBXGroup;
			children = (
				771CAFE9224CC742000C7132 /* p11_textfieldUITests.swift */,
				771CAFEB224CC742000C7132 /* Info.plist */,
			);
			path = "p11-textfieldUITests";
			sourceTree = "<group>";
		};
		771CAFF8224CDD2C000C7132 /* Text Field */ = {
			isa = PBXGroup;
			children = (
				771CAFF9224CDD4B000C7132 /* TextFieldView.swift */,
				77233FB82253373D004CC526 /* TextFieldViewProperties.swift */,
				77233FBA225339B6004CC526 /* FieldState.swift */,
			);
			path = "Text Field";
			sourceTree = "<group>";
		};
		C96A372458BDC509822C767D /* Pods */ = {
			isa = PBXGroup;
			children = (
				EBF23884CEC41580B5D9C4E4 /* Pods-p11-textfield.debug.xcconfig */,
				CAB7D140BF7ED89CDD91A0E4 /* Pods-p11-textfield.release.xcconfig */,
				76C431B5A3FC1449C1C284DC /* Pods-p11-textfieldTests.debug.xcconfig */,
				4EC3F666AB6DF41C29442B8D /* Pods-p11-textfieldTests.release.xcconfig */,
			);
			path = Pods;
			sourceTree = "<group>";
		};
		E0EAD3B9C4044ADD15AE3645 /* Frameworks */ = {
			isa = PBXGroup;
			children = (
				8A493091DEADCA46FB238787 /* Pods_p11_textfield.framework */,
				D51625A442A88D729717BAA8 /* Pods_p11_textfieldTests.framework */,
			);
			name = Frameworks;
			sourceTree = "<group>";
		};
/* End PBXGroup section */

/* Begin PBXNativeTarget section */
		771CAFC5224CC741000C7132 /* p11-textfield */ = {
			isa = PBXNativeTarget;
			buildConfigurationList = 771CAFEE224CC742000C7132 /* Build configuration list for PBXNativeTarget "p11-textfield" */;
			buildPhases = (
				203EC38B63885D1F4AE4F8FA /* [CP] Check Pods Manifest.lock */,
				771CAFC2224CC741000C7132 /* Sources */,
				771CAFC3224CC741000C7132 /* Frameworks */,
				771CAFC4224CC741000C7132 /* Resources */,
				5C29E46F5569C786CA9BABE2 /* [CP] Embed Pods Frameworks */,
			);
			buildRules = (
			);
			dependencies = (
			);
			name = "p11-textfield";
			productName = "p11-textfield";
			productReference = 771CAFC6224CC741000C7132 /* p11-textfield.app */;
			productType = "com.apple.product-type.application";
		};
		771CAFD9224CC742000C7132 /* p11-textfieldTests */ = {
			isa = PBXNativeTarget;
			buildConfigurationList = 771CAFF1224CC742000C7132 /* Build configuration list for PBXNativeTarget "p11-textfieldTests" */;
			buildPhases = (
				0F3E627A749AA7FCE6F31BC9 /* [CP] Check Pods Manifest.lock */,
				771CAFD6224CC742000C7132 /* Sources */,
				771CAFD7224CC742000C7132 /* Frameworks */,
				771CAFD8224CC742000C7132 /* Resources */,
				4B18CB29710EBA0511BFBD41 /* [CP] Embed Pods Frameworks */,
			);
			buildRules = (
			);
			dependencies = (
				771CAFDC224CC742000C7132 /* PBXTargetDependency */,
			);
			name = "p11-textfieldTests";
			productName = "p11-textfieldTests";
			productReference = 771CAFDA224CC742000C7132 /* p11-textfieldTests.xctest */;
			productType = "com.apple.product-type.bundle.unit-test";
		};
		771CAFE4224CC742000C7132 /* p11-textfieldUITests */ = {
			isa = PBXNativeTarget;
			buildConfigurationList = 771CAFF4224CC742000C7132 /* Build configuration list for PBXNativeTarget "p11-textfieldUITests" */;
			buildPhases = (
				771CAFE1224CC742000C7132 /* Sources */,
				771CAFE2224CC742000C7132 /* Frameworks */,
				771CAFE3224CC742000C7132 /* Resources */,
			);
			buildRules = (
			);
			dependencies = (
				771CAFE7224CC742000C7132 /* PBXTargetDependency */,
			);
			name = "p11-textfieldUITests";
			productName = "p11-textfieldUITests";
			productReference = 771CAFE5224CC742000C7132 /* p11-textfieldUITests.xctest */;
			productType = "com.apple.product-type.bundle.ui-testing";
		};
/* End PBXNativeTarget section */

/* Begin PBXProject section */
		771CAFBE224CC741000C7132 /* Project object */ = {
			isa = PBXProject;
			attributes = {
				LastSwiftUpdateCheck = 1010;
				LastUpgradeCheck = 1010;
				ORGANIZATIONNAME = "Arjin Reyes";
				TargetAttributes = {
					771CAFC5224CC741000C7132 = {
						CreatedOnToolsVersion = 10.1;
					};
					771CAFD9224CC742000C7132 = {
						CreatedOnToolsVersion = 10.1;
						TestTargetID = 771CAFC5224CC741000C7132;
					};
					771CAFE4224CC742000C7132 = {
						CreatedOnToolsVersion = 10.1;
						TestTargetID = 771CAFC5224CC741000C7132;
					};
				};
			};
			buildConfigurationList = 771CAFC1224CC741000C7132 /* Build configuration list for PBXProject "p11-textfield" */;
			compatibilityVersion = "Xcode 9.3";
			developmentRegion = en;
			hasScannedForEncodings = 0;
			knownRegions = (
				en,
				Base,
			);
			mainGroup = 771CAFBD224CC741000C7132;
			productRefGroup = 771CAFC7224CC741000C7132 /* Products */;
			projectDirPath = "";
			projectRoot = "";
			targets = (
				771CAFC5224CC741000C7132 /* p11-textfield */,
				771CAFD9224CC742000C7132 /* p11-textfieldTests */,
				771CAFE4224CC742000C7132 /* p11-textfieldUITests */,
			);
		};
/* End PBXProject section */

/* Begin PBXResourcesBuildPhase section */
		771CAFC4224CC741000C7132 /* Resources */ = {
			isa = PBXResourcesBuildPhase;
			buildActionMask = 2147483647;
			files = (
				771CAFD4224CC742000C7132 /* LaunchScreen.storyboard in Resources */,
				771CAFD1224CC742000C7132 /* Assets.xcassets in Resources */,
				771CAFCF224CC741000C7132 /* Main.storyboard in Resources */,
			);
			runOnlyForDeploymentPostprocessing = 0;
		};
		771CAFD8224CC742000C7132 /* Resources */ = {
			isa = PBXResourcesBuildPhase;
			buildActionMask = 2147483647;
			files = (
			);
			runOnlyForDeploymentPostprocessing = 0;
		};
		771CAFE3224CC742000C7132 /* Resources */ = {
			isa = PBXResourcesBuildPhase;
			buildActionMask = 2147483647;
			files = (
			);
			runOnlyForDeploymentPostprocessing = 0;
		};
/* End PBXResourcesBuildPhase section */

/* Begin PBXShellScriptBuildPhase section */
		0F3E627A749AA7FCE6F31BC9 /* [CP] Check Pods Manifest.lock */ = {
			isa = PBXShellScriptBuildPhase;
			buildActionMask = 2147483647;
			files = (
			);
			inputFileListPaths = (
			);
			inputPaths = (
				"${PODS_PODFILE_DIR_PATH}/Podfile.lock",
				"${PODS_ROOT}/Manifest.lock",
			);
			name = "[CP] Check Pods Manifest.lock";
			outputFileListPaths = (
			);
			outputPaths = (
				"$(DERIVED_FILE_DIR)/Pods-p11-textfieldTests-checkManifestLockResult.txt",
			);
			runOnlyForDeploymentPostprocessing = 0;
			shellPath = /bin/sh;
			shellScript = "diff \"${PODS_PODFILE_DIR_PATH}/Podfile.lock\" \"${PODS_ROOT}/Manifest.lock\" > /dev/null\nif [ $? != 0 ] ; then\n    # print error to STDERR\n    echo \"error: The sandbox is not in sync with the Podfile.lock. Run 'pod install' or update your CocoaPods installation.\" >&2\n    exit 1\nfi\n# This output is used by Xcode 'outputs' to avoid re-running this script phase.\necho \"SUCCESS\" > \"${SCRIPT_OUTPUT_FILE_0}\"\n";
			showEnvVarsInLog = 0;
		};
		203EC38B63885D1F4AE4F8FA /* [CP] Check Pods Manifest.lock */ = {
			isa = PBXShellScriptBuildPhase;
			buildActionMask = 2147483647;
			files = (
			);
			inputFileListPaths = (
			);
			inputPaths = (
				"${PODS_PODFILE_DIR_PATH}/Podfile.lock",
				"${PODS_ROOT}/Manifest.lock",
			);
			name = "[CP] Check Pods Manifest.lock";
			outputFileListPaths = (
			);
			outputPaths = (
				"$(DERIVED_FILE_DIR)/Pods-p11-textfield-checkManifestLockResult.txt",
			);
			runOnlyForDeploymentPostprocessing = 0;
			shellPath = /bin/sh;
			shellScript = "diff \"${PODS_PODFILE_DIR_PATH}/Podfile.lock\" \"${PODS_ROOT}/Manifest.lock\" > /dev/null\nif [ $? != 0 ] ; then\n    # print error to STDERR\n    echo \"error: The sandbox is not in sync with the Podfile.lock. Run 'pod install' or update your CocoaPods installation.\" >&2\n    exit 1\nfi\n# This output is used by Xcode 'outputs' to avoid re-running this script phase.\necho \"SUCCESS\" > \"${SCRIPT_OUTPUT_FILE_0}\"\n";
			showEnvVarsInLog = 0;
		};
		4B18CB29710EBA0511BFBD41 /* [CP] Embed Pods Frameworks */ = {
			isa = PBXShellScriptBuildPhase;
			buildActionMask = 2147483647;
			files = (
			);
			inputFileListPaths = (
			);
			inputPaths = (
				"${PODS_ROOT}/Target Support Files/Pods-p11-textfieldTests/Pods-p11-textfieldTests-frameworks.sh",
				"${BUILT_PRODUCTS_DIR}/Alamofire/Alamofire.framework",
				"${BUILT_PRODUCTS_DIR}/Mockingjay/Mockingjay.framework",
				"${BUILT_PRODUCTS_DIR}/Moya/Moya.framework",
				"${BUILT_PRODUCTS_DIR}/Nimble/Nimble.framework",
				"${BUILT_PRODUCTS_DIR}/Quick/Quick.framework",
				"${BUILT_PRODUCTS_DIR}/Result/Result.framework",
				"${BUILT_PRODUCTS_DIR}/RxAtomic/RxAtomic.framework",
				"${BUILT_PRODUCTS_DIR}/RxSwift/RxSwift.framework",
				"${BUILT_PRODUCTS_DIR}/URITemplate/URITemplate.framework",
			);
			name = "[CP] Embed Pods Frameworks";
			outputFileListPaths = (
			);
			outputPaths = (
				"${TARGET_BUILD_DIR}/${FRAMEWORKS_FOLDER_PATH}/Alamofire.framework",
				"${TARGET_BUILD_DIR}/${FRAMEWORKS_FOLDER_PATH}/Mockingjay.framework",
				"${TARGET_BUILD_DIR}/${FRAMEWORKS_FOLDER_PATH}/Moya.framework",
				"${TARGET_BUILD_DIR}/${FRAMEWORKS_FOLDER_PATH}/Nimble.framework",
				"${TARGET_BUILD_DIR}/${FRAMEWORKS_FOLDER_PATH}/Quick.framework",
				"${TARGET_BUILD_DIR}/${FRAMEWORKS_FOLDER_PATH}/Result.framework",
				"${TARGET_BUILD_DIR}/${FRAMEWORKS_FOLDER_PATH}/RxAtomic.framework",
				"${TARGET_BUILD_DIR}/${FRAMEWORKS_FOLDER_PATH}/RxSwift.framework",
				"${TARGET_BUILD_DIR}/${FRAMEWORKS_FOLDER_PATH}/URITemplate.framework",
			);
			runOnlyForDeploymentPostprocessing = 0;
			shellPath = /bin/sh;
			shellScript = "\"${PODS_ROOT}/Target Support Files/Pods-p11-textfieldTests/Pods-p11-textfieldTests-frameworks.sh\"\n";
			showEnvVarsInLog = 0;
		};
		5C29E46F5569C786CA9BABE2 /* [CP] Embed Pods Frameworks */ = {
			isa = PBXShellScriptBuildPhase;
			buildActionMask = 2147483647;
			files = (
			);
			inputFileListPaths = (
			);
			inputPaths = (
				"${PODS_ROOT}/Target Support Files/Pods-p11-textfield/Pods-p11-textfield-frameworks.sh",
				"${BUILT_PRODUCTS_DIR}/SnapKit/SnapKit.framework",
			);
			name = "[CP] Embed Pods Frameworks";
			outputFileListPaths = (
			);
			outputPaths = (
				"${TARGET_BUILD_DIR}/${FRAMEWORKS_FOLDER_PATH}/SnapKit.framework",
			);
			runOnlyForDeploymentPostprocessing = 0;
			shellPath = /bin/sh;
			shellScript = "\"${PODS_ROOT}/Target Support Files/Pods-p11-textfield/Pods-p11-textfield-frameworks.sh\"\n";
			showEnvVarsInLog = 0;
		};
/* End PBXShellScriptBuildPhase section */

/* Begin PBXSourcesBuildPhase section */
		771CAFC2224CC741000C7132 /* Sources */ = {
			isa = PBXSourcesBuildPhase;
			buildActionMask = 2147483647;
			files = (
				771CAFCC224CC741000C7132 /* ViewController.swift in Sources */,
				771CAFCA224CC741000C7132 /* AppDelegate.swift in Sources */,
				77233FBB225339B6004CC526 /* FieldState.swift in Sources */,
				77233FB92253373D004CC526 /* TextFieldViewProperties.swift in Sources */,
				771CAFFA224CDD4B000C7132 /* TextFieldView.swift in Sources */,
			);
			runOnlyForDeploymentPostprocessing = 0;
		};
		771CAFD6224CC742000C7132 /* Sources */ = {
			isa = PBXSourcesBuildPhase;
			buildActionMask = 2147483647;
			files = (
				771CAFDF224CC742000C7132 /* p11_textfieldTests.swift in Sources */,
			);
			runOnlyForDeploymentPostprocessing = 0;
		};
		771CAFE1224CC742000C7132 /* Sources */ = {
			isa = PBXSourcesBuildPhase;
			buildActionMask = 2147483647;
			files = (
				771CAFEA224CC742000C7132 /* p11_textfieldUITests.swift in Sources */,
			);
			runOnlyForDeploymentPostprocessing = 0;
		};
/* End PBXSourcesBuildPhase section */

/* Begin PBXTargetDependency section */
		771CAFDC224CC742000C7132 /* PBXTargetDependency */ = {
			isa = PBXTargetDependency;
			target = 771CAFC5224CC741000C7132 /* p11-textfield */;
			targetProxy = 771CAFDB224CC742000C7132 /* PBXContainerItemProxy */;
		};
		771CAFE7224CC742000C7132 /* PBXTargetDependency */ = {
			isa = PBXTargetDependency;
			target = 771CAFC5224CC741000C7132 /* p11-textfield */;
			targetProxy = 771CAFE6224CC742000C7132 /* PBXContainerItemProxy */;
		};
/* End PBXTargetDependency section */

/* Begin PBXVariantGroup section */
		771CAFCD224CC741000C7132 /* Main.storyboard */ = {
			isa = PBXVariantGroup;
			children = (
				771CAFCE224CC741000C7132 /* Base */,
			);
			name = Main.storyboard;
			sourceTree = "<group>";
		};
		771CAFD2224CC742000C7132 /* LaunchScreen.storyboard */ = {
			isa = PBXVariantGroup;
			children = (
				771CAFD3224CC742000C7132 /* Base */,
			);
			name = LaunchScreen.storyboard;
			sourceTree = "<group>";
		};
/* End PBXVariantGroup section */

/* Begin XCBuildConfiguration section */
		771CAFEC224CC742000C7132 /* Debug */ = {
			isa = XCBuildConfiguration;
			buildSettings = {
				ALWAYS_SEARCH_USER_PATHS = NO;
				CLANG_ANALYZER_NONNULL = YES;
				CLANG_ANALYZER_NUMBER_OBJECT_CONVERSION = YES_AGGRESSIVE;
				CLANG_CXX_LANGUAGE_STANDARD = "gnu++14";
				CLANG_CXX_LIBRARY = "libc++";
				CLANG_ENABLE_MODULES = YES;
				CLANG_ENABLE_OBJC_ARC = YES;
				CLANG_ENABLE_OBJC_WEAK = YES;
				CLANG_WARN_BLOCK_CAPTURE_AUTORELEASING = YES;
				CLANG_WARN_BOOL_CONVERSION = YES;
				CLANG_WARN_COMMA = YES;
				CLANG_WARN_CONSTANT_CONVERSION = YES;
				CLANG_WARN_DEPRECATED_OBJC_IMPLEMENTATIONS = YES;
				CLANG_WARN_DIRECT_OBJC_ISA_USAGE = YES_ERROR;
				CLANG_WARN_DOCUMENTATION_COMMENTS = YES;
				CLANG_WARN_EMPTY_BODY = YES;
				CLANG_WARN_ENUM_CONVERSION = YES;
				CLANG_WARN_INFINITE_RECURSION = YES;
				CLANG_WARN_INT_CONVERSION = YES;
				CLANG_WARN_NON_LITERAL_NULL_CONVERSION = YES;
				CLANG_WARN_OBJC_IMPLICIT_RETAIN_SELF = YES;
				CLANG_WARN_OBJC_LITERAL_CONVERSION = YES;
				CLANG_WARN_OBJC_ROOT_CLASS = YES_ERROR;
				CLANG_WARN_RANGE_LOOP_ANALYSIS = YES;
				CLANG_WARN_STRICT_PROTOTYPES = YES;
				CLANG_WARN_SUSPICIOUS_MOVE = YES;
				CLANG_WARN_UNGUARDED_AVAILABILITY = YES_AGGRESSIVE;
				CLANG_WARN_UNREACHABLE_CODE = YES;
				CLANG_WARN__DUPLICATE_METHOD_MATCH = YES;
				CODE_SIGN_IDENTITY = "iPhone Developer";
				COPY_PHASE_STRIP = NO;
				DEBUG_INFORMATION_FORMAT = dwarf;
				ENABLE_BITCODE = NO;
				ENABLE_STRICT_OBJC_MSGSEND = YES;
				ENABLE_TESTABILITY = YES;
				GCC_C_LANGUAGE_STANDARD = gnu11;
				GCC_DYNAMIC_NO_PIC = NO;
				GCC_NO_COMMON_BLOCKS = YES;
				GCC_OPTIMIZATION_LEVEL = 0;
				GCC_PREPROCESSOR_DEFINITIONS = (
					"DEBUG=1",
					"$(inherited)",
				);
				GCC_WARN_64_TO_32_BIT_CONVERSION = YES;
				GCC_WARN_ABOUT_RETURN_TYPE = YES_ERROR;
				GCC_WARN_UNDECLARED_SELECTOR = YES;
				GCC_WARN_UNINITIALIZED_AUTOS = YES_AGGRESSIVE;
				GCC_WARN_UNUSED_FUNCTION = YES;
				GCC_WARN_UNUSED_VARIABLE = YES;
				IPHONEOS_DEPLOYMENT_TARGET = 12.1;
				MTL_ENABLE_DEBUG_INFO = INCLUDE_SOURCE;
				MTL_FAST_MATH = YES;
				ONLY_ACTIVE_ARCH = YES;
				SDKROOT = iphoneos;
				SWIFT_ACTIVE_COMPILATION_CONDITIONS = DEBUG;
				SWIFT_OPTIMIZATION_LEVEL = "-Onone";
			};
			name = Debug;
		};
		771CAFED224CC742000C7132 /* Release */ = {
			isa = XCBuildConfiguration;
			buildSettings = {
				ALWAYS_SEARCH_USER_PATHS = NO;
				CLANG_ANALYZER_NONNULL = YES;
				CLANG_ANALYZER_NUMBER_OBJECT_CONVERSION = YES_AGGRESSIVE;
				CLANG_CXX_LANGUAGE_STANDARD = "gnu++14";
				CLANG_CXX_LIBRARY = "libc++";
				CLANG_ENABLE_MODULES = YES;
				CLANG_ENABLE_OBJC_ARC = YES;
				CLANG_ENABLE_OBJC_WEAK = YES;
				CLANG_WARN_BLOCK_CAPTURE_AUTORELEASING = YES;
				CLANG_WARN_BOOL_CONVERSION = YES;
				CLANG_WARN_COMMA = YES;
				CLANG_WARN_CONSTANT_CONVERSION = YES;
				CLANG_WARN_DEPRECATED_OBJC_IMPLEMENTATIONS = YES;
				CLANG_WARN_DIRECT_OBJC_ISA_USAGE = YES_ERROR;
				CLANG_WARN_DOCUMENTATION_COMMENTS = YES;
				CLANG_WARN_EMPTY_BODY = YES;
				CLANG_WARN_ENUM_CONVERSION = YES;
				CLANG_WARN_INFINITE_RECURSION = YES;
				CLANG_WARN_INT_CONVERSION = YES;
				CLANG_WARN_NON_LITERAL_NULL_CONVERSION = YES;
				CLANG_WARN_OBJC_IMPLICIT_RETAIN_SELF = YES;
				CLANG_WARN_OBJC_LITERAL_CONVERSION = YES;
				CLANG_WARN_OBJC_ROOT_CLASS = YES_ERROR;
				CLANG_WARN_RANGE_LOOP_ANALYSIS = YES;
				CLANG_WARN_STRICT_PROTOTYPES = YES;
				CLANG_WARN_SUSPICIOUS_MOVE = YES;
				CLANG_WARN_UNGUARDED_AVAILABILITY = YES_AGGRESSIVE;
				CLANG_WARN_UNREACHABLE_CODE = YES;
				CLANG_WARN__DUPLICATE_METHOD_MATCH = YES;
				CODE_SIGN_IDENTITY = "iPhone Developer";
				COPY_PHASE_STRIP = NO;
				DEBUG_INFORMATION_FORMAT = "dwarf-with-dsym";
				ENABLE_BITCODE = NO;
				ENABLE_NS_ASSERTIONS = NO;
				ENABLE_STRICT_OBJC_MSGSEND = YES;
				GCC_C_LANGUAGE_STANDARD = gnu11;
				GCC_NO_COMMON_BLOCKS = YES;
				GCC_WARN_64_TO_32_BIT_CONVERSION = YES;
				GCC_WARN_ABOUT_RETURN_TYPE = YES_ERROR;
				GCC_WARN_UNDECLARED_SELECTOR = YES;
				GCC_WARN_UNINITIALIZED_AUTOS = YES_AGGRESSIVE;
				GCC_WARN_UNUSED_FUNCTION = YES;
				GCC_WARN_UNUSED_VARIABLE = YES;
				IPHONEOS_DEPLOYMENT_TARGET = 12.1;
				MTL_ENABLE_DEBUG_INFO = NO;
				MTL_FAST_MATH = YES;
				SDKROOT = iphoneos;
				SWIFT_COMPILATION_MODE = wholemodule;
				SWIFT_OPTIMIZATION_LEVEL = "-O";
				VALIDATE_PRODUCT = YES;
			};
			name = Release;
		};
		771CAFEF224CC742000C7132 /* Debug */ = {
			isa = XCBuildConfiguration;
			baseConfigurationReference = EBF23884CEC41580B5D9C4E4 /* Pods-p11-textfield.debug.xcconfig */;
			buildSettings = {
				ASSETCATALOG_COMPILER_APPICON_NAME = AppIcon;
				CODE_SIGN_STYLE = Automatic;
				DEVELOPMENT_TEAM = EA8W3D4GRB;
				INFOPLIST_FILE = "p11-textfield/Info.plist";
				LD_RUNPATH_SEARCH_PATHS = (
					"$(inherited)",
					"@executable_path/Frameworks",
				);
				PRODUCT_BUNDLE_IDENTIFIER = "com.apm.p11-textfield";
				PRODUCT_NAME = "$(TARGET_NAME)";
				SWIFT_VERSION = 4.2;
				TARGETED_DEVICE_FAMILY = "1,2";
			};
			name = Debug;
		};
		771CAFF0224CC742000C7132 /* Release */ = {
			isa = XCBuildConfiguration;
			baseConfigurationReference = CAB7D140BF7ED89CDD91A0E4 /* Pods-p11-textfield.release.xcconfig */;
			buildSettings = {
				ASSETCATALOG_COMPILER_APPICON_NAME = AppIcon;
				CODE_SIGN_STYLE = Automatic;
				DEVELOPMENT_TEAM = EA8W3D4GRB;
				INFOPLIST_FILE = "p11-textfield/Info.plist";
				LD_RUNPATH_SEARCH_PATHS = (
					"$(inherited)",
					"@executable_path/Frameworks",
				);
				PRODUCT_BUNDLE_IDENTIFIER = "com.apm.p11-textfield";
				PRODUCT_NAME = "$(TARGET_NAME)";
				SWIFT_VERSION = 4.2;
				TARGETED_DEVICE_FAMILY = "1,2";
			};
			name = Release;
		};
		771CAFF2224CC742000C7132 /* Debug */ = {
			isa = XCBuildConfiguration;
			baseConfigurationReference = 76C431B5A3FC1449C1C284DC /* Pods-p11-textfieldTests.debug.xcconfig */;
			buildSettings = {
				ALWAYS_EMBED_SWIFT_STANDARD_LIBRARIES = YES;
				BUNDLE_LOADER = "$(TEST_HOST)";
				CODE_SIGN_STYLE = Automatic;
				DEVELOPMENT_TEAM = EA8W3D4GRB;
				INFOPLIST_FILE = "p11-textfieldTests/Info.plist";
				LD_RUNPATH_SEARCH_PATHS = (
					"$(inherited)",
					"@executable_path/Frameworks",
					"@loader_path/Frameworks",
				);
				PRODUCT_BUNDLE_IDENTIFIER = "com.apm.p11-textfieldTests";
				PRODUCT_NAME = "$(TARGET_NAME)";
				SWIFT_VERSION = 4.2;
				TARGETED_DEVICE_FAMILY = "1,2";
				TEST_HOST = "$(BUILT_PRODUCTS_DIR)/p11-textfield.app/p11-textfield";
			};
			name = Debug;
		};
		771CAFF3224CC742000C7132 /* Release */ = {
			isa = XCBuildConfiguration;
			baseConfigurationReference = 4EC3F666AB6DF41C29442B8D /* Pods-p11-textfieldTests.release.xcconfig */;
			buildSettings = {
				ALWAYS_EMBED_SWIFT_STANDARD_LIBRARIES = YES;
				BUNDLE_LOADER = "$(TEST_HOST)";
				CODE_SIGN_STYLE = Automatic;
				DEVELOPMENT_TEAM = EA8W3D4GRB;
				INFOPLIST_FILE = "p11-textfieldTests/Info.plist";
				LD_RUNPATH_SEARCH_PATHS = (
					"$(inherited)",
					"@executable_path/Frameworks",
					"@loader_path/Frameworks",
				);
				PRODUCT_BUNDLE_IDENTIFIER = "com.apm.p11-textfieldTests";
				PRODUCT_NAME = "$(TARGET_NAME)";
				SWIFT_VERSION = 4.2;
				TARGETED_DEVICE_FAMILY = "1,2";
				TEST_HOST = "$(BUILT_PRODUCTS_DIR)/p11-textfield.app/p11-textfield";
			};
			name = Release;
		};
		771CAFF5224CC742000C7132 /* Debug */ = {
			isa = XCBuildConfiguration;
			buildSettings = {
				ALWAYS_EMBED_SWIFT_STANDARD_LIBRARIES = YES;
				CODE_SIGN_STYLE = Automatic;
				DEVELOPMENT_TEAM = EA8W3D4GRB;
				INFOPLIST_FILE = "p11-textfieldUITests/Info.plist";
				LD_RUNPATH_SEARCH_PATHS = (
					"$(inherited)",
					"@executable_path/Frameworks",
					"@loader_path/Frameworks",
				);
				PRODUCT_BUNDLE_IDENTIFIER = "com.apm.p11-textfieldUITests";
				PRODUCT_NAME = "$(TARGET_NAME)";
				SWIFT_VERSION = 4.2;
				TARGETED_DEVICE_FAMILY = "1,2";
				TEST_TARGET_NAME = "p11-textfield";
			};
			name = Debug;
		};
		771CAFF6224CC742000C7132 /* Release */ = {
			isa = XCBuildConfiguration;
			buildSettings = {
				ALWAYS_EMBED_SWIFT_STANDARD_LIBRARIES = YES;
				CODE_SIGN_STYLE = Automatic;
				DEVELOPMENT_TEAM = EA8W3D4GRB;
				INFOPLIST_FILE = "p11-textfieldUITests/Info.plist";
				LD_RUNPATH_SEARCH_PATHS = (
					"$(inherited)",
					"@executable_path/Frameworks",
					"@loader_path/Frameworks",
				);
				PRODUCT_BUNDLE_IDENTIFIER = "com.apm.p11-textfieldUITests";
				PRODUCT_NAME = "$(TARGET_NAME)";
				SWIFT_VERSION = 4.2;
				TARGETED_DEVICE_FAMILY = "1,2";
				TEST_TARGET_NAME = "p11-textfield";
			};
			name = Release;
		};
/* End XCBuildConfiguration section */

/* Begin XCConfigurationList section */
		771CAFC1224CC741000C7132 /* Build configuration list for PBXProject "p11-textfield" */ = {
			isa = XCConfigurationList;
			buildConfigurations = (
				771CAFEC224CC742000C7132 /* Debug */,
				771CAFED224CC742000C7132 /* Release */,
			);
			defaultConfigurationIsVisible = 0;
			defaultConfigurationName = Release;
		};
		771CAFEE224CC742000C7132 /* Build configuration list for PBXNativeTarget "p11-textfield" */ = {
			isa = XCConfigurationList;
			buildConfigurations = (
				771CAFEF224CC742000C7132 /* Debug */,
				771CAFF0224CC742000C7132 /* Release */,
			);
			defaultConfigurationIsVisible = 0;
			defaultConfigurationName = Release;
		};
		771CAFF1224CC742000C7132 /* Build configuration list for PBXNativeTarget "p11-textfieldTests" */ = {
			isa = XCConfigurationList;
			buildConfigurations = (
				771CAFF2224CC742000C7132 /* Debug */,
				771CAFF3224CC742000C7132 /* Release */,
			);
			defaultConfigurationIsVisible = 0;
			defaultConfigurationName = Release;
		};
		771CAFF4224CC742000C7132 /* Build configuration list for PBXNativeTarget "p11-textfieldUITests" */ = {
			isa = XCConfigurationList;
			buildConfigurations = (
				771CAFF5224CC742000C7132 /* Debug */,
				771CAFF6224CC742000C7132 /* Release */,
			);
			defaultConfigurationIsVisible = 0;
			defaultConfigurationName = Release;
		};
/* End XCConfigurationList section */
	};
	rootObject = 771CAFBE224CC741000C7132 /* Project object */;
}
